<?xml version="1.0" encoding="utf-8"?>
<Project ToolsVersion="4.0" xmlns="http://schemas.microsoft.com/developer/msbuild/2003">
  <ItemGroup>
    <Filter Include="源文件">
      <UniqueIdentifier>{4FC737F1-C7A5-4376-A066-2A32D752A2FF}</UniqueIdentifier>
      <Extensions>cpp;c;cc;cxx;c++;cppm;ixx;def;odl;idl;hpj;bat;asm;asmx</Extensions>
    </Filter>
    <Filter Include="头文件">
      <UniqueIdentifier>{93995380-89BD-4b04-88EB-625FBE52EBFB}</UniqueIdentifier>
      <Extensions>h;hh;hpp;hxx;h++;hm;inl;inc;ipp;xsd</Extensions>
    </Filter>
    <Filter Include="资源文件">
      <UniqueIdentifier>{67DA6AB6-F800-4c08-8B7A-83BB121AAD01}</UniqueIdentifier>
      <Extensions>rc;ico;cur;bmp;dlg;rc2;rct;bin;rgs;gif;jpg;jpeg;jpe;resx;tiff;tif;png;wav;mfcribbon-ms</Extensions>
    </Filter>
    <Filter Include="PomodoroTimer">
      <UniqueIdentifier>{b7722364-c212-4d7d-84bd-4e4ba20e3903}</UniqueIdentifier>
    </Filter>
    <Filter Include="Item">
      <UniqueIdentifier>{c9a86f2b-2fbd-4baa-a26b-a9f63c019796}</UniqueIdentifier>
    </Filter>
    <Filter Include="Data">
      <UniqueIdentifier>{7c934f2b-bd5d-4581-9a1f-1f1cd9ad98ab}</UniqueIdentifier>
    </Filter>
    <Filter Include="DLG">
      <UniqueIdentifier>{c6af3756-e543-481d-8854-eafb366e294a}</UniqueIdentifier>
    </Filter>
  </ItemGroup>
  <ItemGroup>
    <ClCompile Include="pch.cpp">
      <Filter>源文件</Filter>
    </ClCompile>
    <ClCompile Include="PomodoroTimer.cpp">
      <Filter>PomodoroTimer</Filter>
    </ClCompile>
    <ClCompile Include="Item.cpp">
      <Filter>Item</Filter>
    </ClCompile>
    <ClCompile Include="Data.cpp">
      <Filter>Data</Filter>
    </ClCompile>
    <ClCompile Include="OptionsDlg.cpp">
      <Filter>DLG</Filter>
    </ClCompile>
    <ClCompile Include="UpdateHelper.cpp">
      <Filter>Data</Filter>
    </ClCompile>
  </ItemGroup>
  <ItemGroup>
    <None Include="PomodoroTimer.def">
      <Filter>源文件</Filter>
    </None>
    <None Include="res\PomodoroTimer.rc2">
      <Filter>资源文件</Filter>
    </None>
  </ItemGroup>
  <ItemGroup>
    <ClInclude Include="framework.h">
      <Filter>头文件</Filter>
    </ClInclude>
    <ClInclude Include="targetver.h">
      <Filter>头文件</Filter>
    </ClInclude>
    <ClInclude Include="Resource.h">
      <Filter>头文件</Filter>
    </ClInclude>
    <ClInclude Include="pch.h">
      <Filter>头文件</Filter>
    </ClInclude>
    <ClInclude Include="PomodoroTimer.h">
      <Filter>PomodoroTimer</Filter>
    </ClInclude>
    <ClInclude Include="Item.h">
      <Filter>Item</Filter>
    </ClInclude>
    <ClInclude Include="Data.h">
      <Filter>Data</Filter>
    </ClInclude>
    <ClInclude Include="OptionsDlg.h">
      <Filter>DLG</Filter>
    </ClInclude>
    <ClInclude Include="UpdateHelper.h">
      <Filter>Data</Filter>
    </ClInclude>
  </ItemGroup>
  <ItemGroup>
    <ResourceCompile Include="PomodoroTimer.rc">
      <Filter>资源文件</Filter>
    </ResourceCompile>
  </ItemGroup>
  <ItemGroup>
    <Image Include="res\PT-logo.ico">
      <Filter>资源文件</Filter>
    </Image>
    <Image Include="res\PT-logo-stop.ico">
      <Filter>资源文件</Filter>
    </Image>
    <Image Include="res\PT-logo-break.ico">
      <Filter>资源文件</Filter>
    </Image>
    <Image Include="res\QR_AliPay.bmp">
      <Filter>资源文件</Filter>
    </Image>
    <Image Include="res\QR_WeChat.bmp">
      <Filter>资源文件</Filter>
    </Image>
  </ItemGroup>
  <ItemGroup>
    <Media Include="res\Alarm02.wav">
      <Filter>资源文件</Filter>
    </Media>
    <Media Include="res\Alarm05.wav">
      <Filter>资源文件</Filter>
    </Media>
    <Media Include="res\Alarm06.wav">
      <Filter>资源文件</Filter>
    </Media>
  </ItemGroup>
</Project>